
Microsoft Visual Studio Solution File, Format Version 12.00
# Visual Studio Version 17
VisualStudioVersion = 17.2.32526.322
MinimumVisualStudioVersion = 10.0.40219.1
Project("{FAE04EC0-301F-11D3-BF4B-00C04F79EFBC}") = "LMS", "LMS\LMS.csproj", "{B98FA095-0034-482D-8193-60AC85DD3C22}"
EndProject
Global
	GlobalSection(SolutionConfigurationPlatforms) = preSolution
		Debug|Any CPU = Debug|Any CPU
		Release|Any CPU = Release|Any CPU
	EndGlobalSection
	GlobalSection(ProjectConfigurationPlatforms) = postSolution
		{B98FA095-0034-482D-8193-60AC85DD3C22}.Debug|Any CPU.ActiveCfg = Debug|Any CPU
		{B98FA095-0034-482D-8193-60AC85DD3C22}.Debug|Any CPU.Build.0 = Debug|Any CPU
		{B98FA095-0034-482D-8193-60AC85DD3C22}.Release|Any CPU.ActiveCfg = Release|Any CPU
		{B98FA095-0034-482D-8193-60AC85DD3C22}.Release|Any CPU.Build.0 = Release|Any CPU
	EndGlobalSection
	GlobalSection(SolutionProperties) = preSolution
		HideSolutionNode = FALSE
	EndGlobalSection
	GlobalSection(ExtensibilityGlobals) = postSolution
		SolutionGuid = {32C421A2-8DB0-40E0-B21A-E8977721BDB0}
	EndGlobalSection
EndGlobal
